
Microsoft Visual Studio Solution File, Format Version 12.00
# Visual Studio Version 17
VisualStudioVersion = 17.6.33723.286
MinimumVisualStudioVersion = 10.0.40219.1
Project("{9A19103F-16F7-4668-BE54-9A1E7A4F7556}") = "Ecommerce.API", "Ecommerce.API.csproj", "{45134DED-7946-49C1-B1E1-D25B7AE0B916}"
EndProject
Global
	GlobalSection(SolutionConfigurationPlatforms) = preSolution
		Debug|Any CPU = Debug|Any CPU
		Release|Any CPU = Release|Any CPU
	EndGlobalSection
	GlobalSection(ProjectConfigurationPlatforms) = postSolution
		{45134DED-7946-49C1-B1E1-D25B7AE0B916}.Debug|Any CPU.ActiveCfg = Debug|Any CPU
		{45134DED-7946-49C1-B1E1-D25B7AE0B916}.Debug|Any CPU.Build.0 = Debug|Any CPU
		{45134DED-7946-49C1-B1E1-D25B7AE0B916}.Release|Any CPU.ActiveCfg = Release|Any CPU
		{45134DED-7946-49C1-B1E1-D25B7AE0B916}.Release|Any CPU.Build.0 = Release|Any CPU
	EndGlobalSection
	GlobalSection(SolutionProperties) = preSolution
		HideSolutionNode = FALSE
	EndGlobalSection
	GlobalSection(ExtensibilityGlobals) = postSolution
		SolutionGuid = {703F16FA-9A66-4786-9415-E772218B321D}
	EndGlobalSection
EndGlobal
